
Microsoft Visual Studio Solution File, Format Version 12.00
# Visual Studio Version 17
VisualStudioVersion = 17.6.33723.286
MinimumVisualStudioVersion = 10.0.40219.1
Project("{FAE04EC0-301F-11D3-BF4B-00C04F79EFBC}") = "SNS", "SNS\SNS.csproj", "{9E906767-48D5-4EDD-A102-C71278265363}"
EndProject
Global
	GlobalSection(SolutionConfigurationPlatforms) = preSolution
		Debug|Any CPU = Debug|Any CPU
		Release|Any CPU = Release|Any CPU
	EndGlobalSection
	GlobalSection(ProjectConfigurationPlatforms) = postSolution
		{9E906767-48D5-4EDD-A102-C71278265363}.Debug|Any CPU.ActiveCfg = Debug|Any CPU
		{9E906767-48D5-4EDD-A102-C71278265363}.Debug|Any CPU.Build.0 = Debug|Any CPU
		{9E906767-48D5-4EDD-A102-C71278265363}.Release|Any CPU.ActiveCfg = Release|Any CPU
		{9E906767-48D5-4EDD-A102-C71278265363}.Release|Any CPU.Build.0 = Release|Any CPU
	EndGlobalSection
	GlobalSection(SolutionProperties) = preSolution
		HideSolutionNode = FALSE
	EndGlobalSection
	GlobalSection(ExtensibilityGlobals) = postSolution
		SolutionGuid = {C80B6E25-B628-4A07-BA97-09F0A004C589}
	EndGlobalSection
EndGlobal
